# This file is automatically @generated by Cargo.
# It is not intended for manual editing.
version = 4

[[package]]
name = "genatrix-agent"
version = "0.0.1"

[[package]]
name = "genatrix-connector"
version = "0.0.1"

[[package]]
name = "genatrix-connector-imap"
version = "0.0.1"

[[package]]
name = "genatrix-connector-telegram"
version = "0.0.1"

[[package]]
name = "genatrix-daemon"
version = "0.0.1"

[[package]]
name = "genatrix-gate"
version = "0.0.1"

[[package]]
name = "genatrix-infer"
version = "0.0.1"

[[package]]
name = "genatrix-ledger"
version = "0.0.1"

[[package]]
name = "genatrix-llm"
version = "0.0.1"

[[package]]
name = "genatrix-model"
version = "0.0.1"

[[package]]
name = "genatrix-profile"
version = "0.0.1"

[[package]]
name = "genatrix-store"
version = "0.0.1"
